
Microsoft Visual Studio Solution File, Format Version 12.00
# Visual Studio Version 17
VisualStudioVersion = 17.7.34009.444
MinimumVisualStudioVersion = 10.0.40219.1
Project("{9A19103F-16F7-4668-BE54-9A1E7A4F7556}") = "futr", "src\futr\futr.csproj", "{D4733EBA-50B4-4A68-AA6A-B88E29D51A0C}"
EndProject
Project("{9A19103F-16F7-4668-BE54-9A1E7A4F7556}") = "n3q.Tools", "src\n3q.Tools\n3q.Tools.csproj", "{4457F390-FEA9-40F8-BD2B-8BB510C7ED77}"
EndProject
Project("{9A19103F-16F7-4668-BE54-9A1E7A4F7556}") = "n3q.FrameworkTools", "src\n3q.FrameworkTools\n3q.FrameworkTools.csproj", "{3FBAA1FD-687E-4158-89FE-269DDAB22443}"
EndProject
Project("{9A19103F-16F7-4668-BE54-9A1E7A4F7556}") = "futr.Test", "src\futr.Test\futr.Test.csproj", "{6822BBA2-3CCD-4037-9929-E8B89CD46119}"
EndProject
Project("{2150E333-8FDC-42A3-9474-1A3956D46DE8}") = "Lib", "Lib", "{F5EC2518-6549-40D4-B04E-C13499126651}"
EndProject
Project("{9A19103F-16F7-4668-BE54-9A1E7A4F7556}") = "ConfigSharp", "src\ConfigSharp\ConfigSharp.csproj", "{A38380A1-BED1-4F33-8475-A480959D469D}"
EndProject
Project("{9A19103F-16F7-4668-BE54-9A1E7A4F7556}") = "ConfigSharp.Test", "src\ConfigSharp.Test\ConfigSharp.Test.csproj", "{98C71733-321F-4FA4-A802-4223CDFDC863}"
EndProject
Project("{9A19103F-16F7-4668-BE54-9A1E7A4F7556}") = "ConfigSharp.TestClient", "src\ConfigSharp.TestClient\ConfigSharp.TestClient.csproj", "{21C5D0AC-4875-4A4C-A887-F464CD283D26}"
EndProject
Project("{2150E333-8FDC-42A3-9474-1A3956D46DE8}") = "Test", "Test", "{F39406EC-437D-4422-A9B6-7C69CB07DE94}"
EndProject
Project("{9A19103F-16F7-4668-BE54-9A1E7A4F7556}") = "n3q.Tools.Test", "src\n3q.Tools.Test\n3q.Tools.Test.csproj", "{B4BB03CE-0A45-4A2F-8883-697F204E21BD}"
EndProject
Project("{2150E333-8FDC-42A3-9474-1A3956D46DE8}") = "_Solution", "_Solution", "{F5D6788E-F886-48E0-8C53-8F32E02D22D8}"
	ProjectSection(SolutionItems) = preProject
		.github\workflows\cicd.yaml = .github\workflows\cicd.yaml
		Dockerfile = Dockerfile
		README.md = README.md
	EndProjectSection
EndProject
Global
	GlobalSection(SolutionConfigurationPlatforms) = preSolution
		Debug|Any CPU = Debug|Any CPU
		Release|Any CPU = Release|Any CPU
	EndGlobalSection
	GlobalSection(ProjectConfigurationPlatforms) = postSolution
		{D4733EBA-50B4-4A68-AA6A-B88E29D51A0C}.Debug|Any CPU.ActiveCfg = Debug|Any CPU
		{D4733EBA-50B4-4A68-AA6A-B88E29D51A0C}.Debug|Any CPU.Build.0 = Debug|Any CPU
		{D4733EBA-50B4-4A68-AA6A-B88E29D51A0C}.Release|Any CPU.ActiveCfg = Release|Any CPU
		{D4733EBA-50B4-4A68-AA6A-B88E29D51A0C}.Release|Any CPU.Build.0 = Release|Any CPU
		{4457F390-FEA9-40F8-BD2B-8BB510C7ED77}.Debug|Any CPU.ActiveCfg = Debug|Any CPU
		{4457F390-FEA9-40F8-BD2B-8BB510C7ED77}.Debug|Any CPU.Build.0 = Debug|Any CPU
		{4457F390-FEA9-40F8-BD2B-8BB510C7ED77}.Release|Any CPU.ActiveCfg = Release|Any CPU
		{4457F390-FEA9-40F8-BD2B-8BB510C7ED77}.Release|Any CPU.Build.0 = Release|Any CPU
		{3FBAA1FD-687E-4158-89FE-269DDAB22443}.Debug|Any CPU.ActiveCfg = Debug|Any CPU
		{3FBAA1FD-687E-4158-89FE-269DDAB22443}.Debug|Any CPU.Build.0 = Debug|Any CPU
		{3FBAA1FD-687E-4158-89FE-269DDAB22443}.Release|Any CPU.ActiveCfg = Release|Any CPU
		{3FBAA1FD-687E-4158-89FE-269DDAB22443}.Release|Any CPU.Build.0 = Release|Any CPU
		{6822BBA2-3CCD-4037-9929-E8B89CD46119}.Debug|Any CPU.ActiveCfg = Debug|Any CPU
		{6822BBA2-3CCD-4037-9929-E8B89CD46119}.Debug|Any CPU.Build.0 = Debug|Any CPU
		{6822BBA2-3CCD-4037-9929-E8B89CD46119}.Release|Any CPU.ActiveCfg = Release|Any CPU
		{6822BBA2-3CCD-4037-9929-E8B89CD46119}.Release|Any CPU.Build.0 = Release|Any CPU
		{A38380A1-BED1-4F33-8475-A480959D469D}.Debug|Any CPU.ActiveCfg = Debug|Any CPU
		{A38380A1-BED1-4F33-8475-A480959D469D}.Debug|Any CPU.Build.0 = Debug|Any CPU
		{A38380A1-BED1-4F33-8475-A480959D469D}.Release|Any CPU.ActiveCfg = Release|Any CPU
		{A38380A1-BED1-4F33-8475-A480959D469D}.Release|Any CPU.Build.0 = Release|Any CPU
		{98C71733-321F-4FA4-A802-4223CDFDC863}.Debug|Any CPU.ActiveCfg = Debug|Any CPU
		{98C71733-321F-4FA4-A802-4223CDFDC863}.Debug|Any CPU.Build.0 = Debug|Any CPU
		{98C71733-321F-4FA4-A802-4223CDFDC863}.Release|Any CPU.ActiveCfg = Release|Any CPU
		{98C71733-321F-4FA4-A802-4223CDFDC863}.Release|Any CPU.Build.0 = Release|Any CPU
		{21C5D0AC-4875-4A4C-A887-F464CD283D26}.Debug|Any CPU.ActiveCfg = Debug|Any CPU
		{21C5D0AC-4875-4A4C-A887-F464CD283D26}.Debug|Any CPU.Build.0 = Debug|Any CPU
		{21C5D0AC-4875-4A4C-A887-F464CD283D26}.Release|Any CPU.ActiveCfg = Release|Any CPU
		{21C5D0AC-4875-4A4C-A887-F464CD283D26}.Release|Any CPU.Build.0 = Release|Any CPU
		{B4BB03CE-0A45-4A2F-8883-697F204E21BD}.Debug|Any CPU.ActiveCfg = Debug|Any CPU
		{B4BB03CE-0A45-4A2F-8883-697F204E21BD}.Debug|Any CPU.Build.0 = Debug|Any CPU
		{B4BB03CE-0A45-4A2F-8883-697F204E21BD}.Release|Any CPU.ActiveCfg = Release|Any CPU
		{B4BB03CE-0A45-4A2F-8883-697F204E21BD}.Release|Any CPU.Build.0 = Release|Any CPU
	EndGlobalSection
	GlobalSection(SolutionProperties) = preSolution
		HideSolutionNode = FALSE
	EndGlobalSection
	GlobalSection(NestedProjects) = preSolution
		{4457F390-FEA9-40F8-BD2B-8BB510C7ED77} = {F5EC2518-6549-40D4-B04E-C13499126651}
		{3FBAA1FD-687E-4158-89FE-269DDAB22443} = {F5EC2518-6549-40D4-B04E-C13499126651}
		{6822BBA2-3CCD-4037-9929-E8B89CD46119} = {F39406EC-437D-4422-A9B6-7C69CB07DE94}
		{A38380A1-BED1-4F33-8475-A480959D469D} = {F5EC2518-6549-40D4-B04E-C13499126651}
		{98C71733-321F-4FA4-A802-4223CDFDC863} = {F39406EC-437D-4422-A9B6-7C69CB07DE94}
		{21C5D0AC-4875-4A4C-A887-F464CD283D26} = {F39406EC-437D-4422-A9B6-7C69CB07DE94}
		{B4BB03CE-0A45-4A2F-8883-697F204E21BD} = {F39406EC-437D-4422-A9B6-7C69CB07DE94}
	EndGlobalSection
	GlobalSection(ExtensibilityGlobals) = postSolution
		SolutionGuid = {655EF6F0-6366-4F90-822D-19C1067E47E4}
	EndGlobalSection
EndGlobal
